
Microsoft Visual Studio Solution File, Format Version 12.00
# Visual Studio Version 16
VisualStudioVersion = 16.0.31424.327
MinimumVisualStudioVersion = 10.0.40219.1
Project("{9A19103F-16F7-4668-BE54-9A1E7A4F7556}") = "Talegen.Storage.Net.Core", "Talegen.Storage.Net.Core\Talegen.Storage.Net.Core.csproj", "{1274853D-81C6-42B3-BD0B-C60099F0EE65}"
EndProject
Project("{FAE04EC0-301F-11D3-BF4B-00C04F79EFBC}") = "Talegen.Storage.Net.AzureBlobs", "Talegen.Storage.Net.AzureBlobs\Talegen.Storage.Net.AzureBlobs.csproj", "{C55A82C9-4D0D-4D29-BB74-A9A9FD3CDA76}"
EndProject
Global
	GlobalSection(SolutionConfigurationPlatforms) = preSolution
		Debug|Any CPU = Debug|Any CPU
		Release|Any CPU = Release|Any CPU
	EndGlobalSection
	GlobalSection(ProjectConfigurationPlatforms) = postSolution
		{1274853D-81C6-42B3-BD0B-C60099F0EE65}.Debug|Any CPU.ActiveCfg = Debug|Any CPU
		{1274853D-81C6-42B3-BD0B-C60099F0EE65}.Debug|Any CPU.Build.0 = Debug|Any CPU
		{1274853D-81C6-42B3-BD0B-C60099F0EE65}.Release|Any CPU.ActiveCfg = Release|Any CPU
		{1274853D-81C6-42B3-BD0B-C60099F0EE65}.Release|Any CPU.Build.0 = Release|Any CPU
		{C55A82C9-4D0D-4D29-BB74-A9A9FD3CDA76}.Debug|Any CPU.ActiveCfg = Debug|Any CPU
		{C55A82C9-4D0D-4D29-BB74-A9A9FD3CDA76}.Debug|Any CPU.Build.0 = Debug|Any CPU
		{C55A82C9-4D0D-4D29-BB74-A9A9FD3CDA76}.Release|Any CPU.ActiveCfg = Release|Any CPU
		{C55A82C9-4D0D-4D29-BB74-A9A9FD3CDA76}.Release|Any CPU.Build.0 = Release|Any CPU
	EndGlobalSection
	GlobalSection(SolutionProperties) = preSolution
		HideSolutionNode = FALSE
	EndGlobalSection
	GlobalSection(ExtensibilityGlobals) = postSolution
		SolutionGuid = {E9062D12-CB73-4157-BBA8-BE1C20D1BB22}
	EndGlobalSection
EndGlobal
